
Microsoft Visual Studio Solution File, Format Version 12.00
# Visual Studio Version 16
VisualStudioVersion = 16.0.31321.278
MinimumVisualStudioVersion = 10.0.40219.1
Project("{9A19103F-16F7-4668-BE54-9A1E7A4F7556}") = "SiemensCommunity.Api", "SiemensCommunity.Api\SiemensCommunity.Api.csproj", "{C67EAE88-D60E-4BD4-B47A-BB0E4A6CFCBB}"
EndProject
Project("{9A19103F-16F7-4668-BE54-9A1E7A4F7556}") = "SiemensCommunity.Persistence", "SiemensCommunity.Persistence\SiemensCommunity.Persistence.csproj", "{4CAFA0D2-11DB-403D-AE20-CA762A8A3842}"
EndProject
Project("{9A19103F-16F7-4668-BE54-9A1E7A4F7556}") = "SiemensCommunity.Services", "SiemensCommunity.Services\SiemensCommunity.Services.csproj", "{C40B0093-1250-40FF-B2A1-51E680FB321A}"
EndProject
Project("{9A19103F-16F7-4668-BE54-9A1E7A4F7556}") = "SiemensCommunity.Common", "SiemensCommunity.Common\SiemensCommunity.Common.csproj", "{7BBD358D-1D91-4C2E-BEE5-97613DAD4E06}"
EndProject
Project("{9A19103F-16F7-4668-BE54-9A1E7A4F7556}") = "SiemensCommunity.UI", "SiemensCommunity.UI\SiemensCommunity.UI.csproj", "{609FAE84-24A5-4CA4-9849-F60352A97210}"
EndProject
Global
	GlobalSection(SolutionConfigurationPlatforms) = preSolution
		Debug|Any CPU = Debug|Any CPU
		Release|Any CPU = Release|Any CPU
	EndGlobalSection
	GlobalSection(ProjectConfigurationPlatforms) = postSolution
		{C67EAE88-D60E-4BD4-B47A-BB0E4A6CFCBB}.Debug|Any CPU.ActiveCfg = Debug|Any CPU
		{C67EAE88-D60E-4BD4-B47A-BB0E4A6CFCBB}.Debug|Any CPU.Build.0 = Debug|Any CPU
		{C67EAE88-D60E-4BD4-B47A-BB0E4A6CFCBB}.Release|Any CPU.ActiveCfg = Release|Any CPU
		{C67EAE88-D60E-4BD4-B47A-BB0E4A6CFCBB}.Release|Any CPU.Build.0 = Release|Any CPU
		{4CAFA0D2-11DB-403D-AE20-CA762A8A3842}.Debug|Any CPU.ActiveCfg = Debug|Any CPU
		{4CAFA0D2-11DB-403D-AE20-CA762A8A3842}.Debug|Any CPU.Build.0 = Debug|Any CPU
		{4CAFA0D2-11DB-403D-AE20-CA762A8A3842}.Release|Any CPU.ActiveCfg = Release|Any CPU
		{4CAFA0D2-11DB-403D-AE20-CA762A8A3842}.Release|Any CPU.Build.0 = Release|Any CPU
		{C40B0093-1250-40FF-B2A1-51E680FB321A}.Debug|Any CPU.ActiveCfg = Debug|Any CPU
		{C40B0093-1250-40FF-B2A1-51E680FB321A}.Debug|Any CPU.Build.0 = Debug|Any CPU
		{C40B0093-1250-40FF-B2A1-51E680FB321A}.Release|Any CPU.ActiveCfg = Release|Any CPU
		{C40B0093-1250-40FF-B2A1-51E680FB321A}.Release|Any CPU.Build.0 = Release|Any CPU
		{7BBD358D-1D91-4C2E-BEE5-97613DAD4E06}.Debug|Any CPU.ActiveCfg = Debug|Any CPU
		{7BBD358D-1D91-4C2E-BEE5-97613DAD4E06}.Debug|Any CPU.Build.0 = Debug|Any CPU
		{7BBD358D-1D91-4C2E-BEE5-97613DAD4E06}.Release|Any CPU.ActiveCfg = Release|Any CPU
		{7BBD358D-1D91-4C2E-BEE5-97613DAD4E06}.Release|Any CPU.Build.0 = Release|Any CPU
		{609FAE84-24A5-4CA4-9849-F60352A97210}.Debug|Any CPU.ActiveCfg = Debug|Any CPU
		{609FAE84-24A5-4CA4-9849-F60352A97210}.Debug|Any CPU.Build.0 = Debug|Any CPU
		{609FAE84-24A5-4CA4-9849-F60352A97210}.Release|Any CPU.ActiveCfg = Release|Any CPU
		{609FAE84-24A5-4CA4-9849-F60352A97210}.Release|Any CPU.Build.0 = Release|Any CPU
	EndGlobalSection
	GlobalSection(SolutionProperties) = preSolution
		HideSolutionNode = FALSE
	EndGlobalSection
	GlobalSection(ExtensibilityGlobals) = postSolution
		SolutionGuid = {5E78583B-D59F-4524-A942-FD832899C561}
	EndGlobalSection
EndGlobal
