
Microsoft Visual Studio Solution File, Format Version 12.00
# Visual Studio Version 16
VisualStudioVersion = 16.0.31321.278
MinimumVisualStudioVersion = 10.0.40219.1
Project("{FAE04EC0-301F-11D3-BF4B-00C04F79EFBC}") = "SiemensCommunity", "SiemensCommunity\SiemensCommunity.csproj", "{945C8A41-8765-46F7-9BB6-C33B741A2F44}"
EndProject
Global
	GlobalSection(SolutionConfigurationPlatforms) = preSolution
		Debug|Any CPU = Debug|Any CPU
		Release|Any CPU = Release|Any CPU
	EndGlobalSection
	GlobalSection(ProjectConfigurationPlatforms) = postSolution
		{945C8A41-8765-46F7-9BB6-C33B741A2F44}.Debug|Any CPU.ActiveCfg = Debug|Any CPU
		{945C8A41-8765-46F7-9BB6-C33B741A2F44}.Debug|Any CPU.Build.0 = Debug|Any CPU
		{945C8A41-8765-46F7-9BB6-C33B741A2F44}.Release|Any CPU.ActiveCfg = Release|Any CPU
		{945C8A41-8765-46F7-9BB6-C33B741A2F44}.Release|Any CPU.Build.0 = Release|Any CPU
	EndGlobalSection
	GlobalSection(SolutionProperties) = preSolution
		HideSolutionNode = FALSE
	EndGlobalSection
	GlobalSection(ExtensibilityGlobals) = postSolution
		SolutionGuid = {5E78583B-D59F-4524-A942-FD832899C561}
	EndGlobalSection
EndGlobal
